
Microsoft Visual Studio Solution File, Format Version 12.00
# Visual Studio Version 16
VisualStudioVersion = 16.0.29926.136
MinimumVisualStudioVersion = 10.0.40219.1
Project("{FAE04EC0-301F-11D3-BF4B-00C04F79EFBC}") = "Tekne1.8-Uygulama", "Tekne1.8-Uygulama\Tekne1.8-Uygulama.csproj", "{1227B53A-8AFE-4481-A6BE-3D09774DFC52}"
EndProject
Global
	GlobalSection(SolutionConfigurationPlatforms) = preSolution
		Debug|Any CPU = Debug|Any CPU
		Release|Any CPU = Release|Any CPU
	EndGlobalSection
	GlobalSection(ProjectConfigurationPlatforms) = postSolution
		{1227B53A-8AFE-4481-A6BE-3D09774DFC52}.Debug|Any CPU.ActiveCfg = Debug|Any CPU
		{1227B53A-8AFE-4481-A6BE-3D09774DFC52}.Debug|Any CPU.Build.0 = Debug|Any CPU
		{1227B53A-8AFE-4481-A6BE-3D09774DFC52}.Release|Any CPU.ActiveCfg = Release|Any CPU
		{1227B53A-8AFE-4481-A6BE-3D09774DFC52}.Release|Any CPU.Build.0 = Release|Any CPU
	EndGlobalSection
	GlobalSection(SolutionProperties) = preSolution
		HideSolutionNode = FALSE
	EndGlobalSection
	GlobalSection(ExtensibilityGlobals) = postSolution
		SolutionGuid = {24B07095-3D53-4ED6-9331-F33CE50015DA}
	EndGlobalSection
EndGlobal
